
Microsoft Visual Studio Solution File, Format Version 12.00
# Visual Studio Version 16
VisualStudioVersion = 16.0.31911.196
MinimumVisualStudioVersion = 10.0.40219.1
Project("{FAE04EC0-301F-11D3-BF4B-00C04F79EFBC}") = "Identifying Prime Number", "Identifying Prime Number.csproj", "{C9FC5FB6-A26E-41C5-B51C-B46E485E4CBA}"
EndProject
Global
	GlobalSection(SolutionConfigurationPlatforms) = preSolution
		Debug|Any CPU = Debug|Any CPU
		Release|Any CPU = Release|Any CPU
	EndGlobalSection
	GlobalSection(ProjectConfigurationPlatforms) = postSolution
		{C9FC5FB6-A26E-41C5-B51C-B46E485E4CBA}.Debug|Any CPU.ActiveCfg = Debug|Any CPU
		{C9FC5FB6-A26E-41C5-B51C-B46E485E4CBA}.Debug|Any CPU.Build.0 = Debug|Any CPU
		{C9FC5FB6-A26E-41C5-B51C-B46E485E4CBA}.Release|Any CPU.ActiveCfg = Release|Any CPU
		{C9FC5FB6-A26E-41C5-B51C-B46E485E4CBA}.Release|Any CPU.Build.0 = Release|Any CPU
	EndGlobalSection
	GlobalSection(SolutionProperties) = preSolution
		HideSolutionNode = FALSE
	EndGlobalSection
	GlobalSection(ExtensibilityGlobals) = postSolution
		SolutionGuid = {CE3BEEFF-30BF-4848-937D-D63398D1CD4F}
	EndGlobalSection
EndGlobal
